
Microsoft Visual Studio Solution File, Format Version 12.00
# Visual Studio 15
VisualStudioVersion = 15.0.26430.6
MinimumVisualStudioVersion = 10.0.40219.1
Project("{FAE04EC0-301F-11D3-BF4B-00C04F79EFBC}") = "ToDoList", "ToDoList\ToDoList.csproj", "{72F15D9D-B712-4F11-8EE0-93344061B044}"
EndProject
Project("{FAE04EC0-301F-11D3-BF4B-00C04F79EFBC}") = "ToDoList.Tests", "ToDoList.Tests\ToDoList.Tests.csproj", "{9C8C81B6-C4A3-4B8A-B7BE-46ED827045B2}"
EndProject
Global
	GlobalSection(SolutionConfigurationPlatforms) = preSolution
		Debug|Any CPU = Debug|Any CPU
		Release|Any CPU = Release|Any CPU
	EndGlobalSection
	GlobalSection(ProjectConfigurationPlatforms) = postSolution
		{72F15D9D-B712-4F11-8EE0-93344061B044}.Debug|Any CPU.ActiveCfg = Debug|Any CPU
		{72F15D9D-B712-4F11-8EE0-93344061B044}.Debug|Any CPU.Build.0 = Debug|Any CPU
		{72F15D9D-B712-4F11-8EE0-93344061B044}.Release|Any CPU.ActiveCfg = Release|Any CPU
		{72F15D9D-B712-4F11-8EE0-93344061B044}.Release|Any CPU.Build.0 = Release|Any CPU
		{9C8C81B6-C4A3-4B8A-B7BE-46ED827045B2}.Debug|Any CPU.ActiveCfg = Debug|Any CPU
		{9C8C81B6-C4A3-4B8A-B7BE-46ED827045B2}.Debug|Any CPU.Build.0 = Debug|Any CPU
		{9C8C81B6-C4A3-4B8A-B7BE-46ED827045B2}.Release|Any CPU.ActiveCfg = Release|Any CPU
		{9C8C81B6-C4A3-4B8A-B7BE-46ED827045B2}.Release|Any CPU.Build.0 = Release|Any CPU
	EndGlobalSection
	GlobalSection(SolutionProperties) = preSolution
		HideSolutionNode = FALSE
	EndGlobalSection
EndGlobal
